# This file is automatically @generated by Cargo.
# It is not intended for manual editing.
version = 4

[[package]]
name = "branches"
version = "0.1.0"

[[package]]
name = "control_flow_with_match"
version = "0.1.0"

[[package]]
name = "data_types"
version = "0.1.0"

[[package]]
name = "defining_an_enum"
version = "0.1.0"

[[package]]
name = "defining_structs"
version = "0.1.0"

[[package]]
name = "functions"
version = "0.1.0"

[[package]]
name = "hash_maps"
version = "0.1.0"

[[package]]
name = "if_let"
version = "0.1.0"

[[package]]
name = "loops"
version = "0.1.0"

[[package]]
name = "rectangles"
version = "0.1.0"

[[package]]
name = "ref_and_borrowing"
version = "0.1.0"

[[package]]
name = "restaurant"
version = "0.1.0"

[[package]]
name = "slices"
version = "0.1.0"

[[package]]
name = "utf_8_text"
version = "0.1.0"

[[package]]
name = "variables"
version = "0.1.0"

[[package]]
name = "vectors"
version = "0.1.0"

[[package]]
name = "what_is_ownership"
version = "0.1.0"
